# XApp-RDL-F2 Reproducibility Lock
# Data de Fixação: 2026-09-13
# Padrão: O-RAN Alliance / O-RAN SC / CA-RDL / PyTorch MAPPO

[o-ran-specs]
e2ap = "v02.03"
e2sm_kpm = "v03.00"
e2sm_rc = "v01.03"
near_rt_ric_arch = "v17.00"

[profile.nori]
backend = "NORI_NS3"
ns3 = "3.48"
fiveg_lena = "v5.1"
nori_commit = "9b64c12"
e2ap = "v02.03"
e2sm_kpm = "v03.00"
e2sm_rc = "v01.03"
oran_sc_release = "J"

[profile.srsran]
backend = "SRSRAN_OPEN5GS"
srsran_version = "24.10.1"
srsran_git_sha = "ef4b0749a12a3b1a8347ae01c937a621603b4069"
open5gs_version = "v2.7.0"
open5gs_git_sha = "83e35bb2de7e67646fdba849580184422b10006a"
e2ap = "v03.00"
e2sm_kpm = "v03.00"
e2sm_rc = "v03.00"
oran_sc_release = "J"

[profile.openranbr]
profile = "OPENRANBR_PHYSICAL"
site = "UFPA_LABORA_CPQD"
e2ap = "v03.00"
e2sm_kpm = "v03.00"
e2sm_rc = "v03.00"

[simulators]
ns3 = "3.48"
5g_lena = "v5.1"
nori_commit = "9b64c12" # lasseufpa/nori

[ml-environment]
framework = "PyTorch"
torch_version = ">=2.0.0"
cuda_version = "12.1"
cudnn_version = "8.9"
mappo_config_hash = "c7d2e9f1a04b"
training_seed = 42
evaluation_seed = 100
deterministic_algorithms = true

[oran-sc]
release = "J"
ric_plt_xapp_frame_py = "3.2.2"
ric_plt_submgr = "0.9.1"
ric_plt_e2mgr = "5.4.9"
ric_plt_e2term = "6.0.4"
ric_plt_dbaas = "0.6.1"

[python-dependencies]
python = ">=3.10,<3.13"
pycrate = ">=0.8.1"
networkx = ">=3.0"
pydantic = ">=2.0.0"
fastapi = ">=0.100.0"
uvicorn = ">=0.20.0"
structlog = ">=23.0.0"
prometheus_client = ">=0.19.0"
pandas = ">=1.5.0"
numpy = ">=1.24.0"
scipy = ">=1.10.0"
torch = ">=2.0.0"

[infrastructure]
os = "Ubuntu 22.04 LTS (WSL2 / Linux Kernel 5.15+)"
kubernetes = "v1.28+"
k3s = "v1.28.8+k3s1"
k3d = "v5.6.0"
helm = "v3.14+"
rancher = "v2.8.5"
cmake = ">=3.25.2"
ninja = ">=1.10.1"
gcc = ">=11.4.0"
